# THIS IS AN AUTOGENERATED FILE. DO NOT EDIT THIS FILE DIRECTLY.
# yarn lockfile v1


bobflux@*:
  version "8.1.2"
  resolved "https://registry.yarnpkg.com/bobflux/-/bobflux-8.1.2.tgz#66487b2ab4e1d7410a42feac426c19df3316fabd"
  dependencies:
    bobril "*"
    fun-model "5.*"

bobril-g11n@*:
  version "3.3.3"
  resolved "https://registry.yarnpkg.com/bobril-g11n/-/bobril-g11n-3.3.3.tgz#40c7cc6da94792932e94aa6b033856f6f45fc3f2"
  dependencies:
    moment "^2.10.6"

bobril@*:
  version "7.3.0"
  resolved "https://registry.yarnpkg.com/bobril/-/bobril-7.3.0.tgz#29e1e1e7abf9878ab9ec2ae72afba48e41a74de6"

fun-model@5.*:
  version "5.0.1"
  resolved "https://registry.yarnpkg.com/fun-model/-/fun-model-5.0.1.tgz#a69da07ab6dd17065d56f74a6b724fa22c45920f"

moment@^2.10.6:
  version "2.18.1"
  resolved "https://registry.yarnpkg.com/moment/-/moment-2.18.1.tgz#c36193dd3ce1c2eed2adb7c802dbbc77a81b1c0f"

todomvc-app-css@*:
  version "2.1.0"
  resolved "https://registry.yarnpkg.com/todomvc-app-css/-/todomvc-app-css-2.1.0.tgz#b6f2716d339afa2e5f799347d2a48b05396242a5"

todomvc-common@*:
  version "1.0.3"
  resolved "https://registry.yarnpkg.com/todomvc-common/-/todomvc-common-1.0.3.tgz#cba1868109caa401b908ebf77794cc1014b74873"
